
Microsoft Visual Studio Solution File, Format Version 12.00
# Visual Studio Version 16
VisualStudioVersion = 16.0.31025.194
MinimumVisualStudioVersion = 10.0.40219.1
Project("{9A19103F-16F7-4668-BE54-9A1E7A4F7556}") = "Clinic", "Clinic\Clinic.csproj", "{C82FB336-2716-4016-80E4-4544D61AB2EB}"
EndProject
Global
	GlobalSection(SolutionConfigurationPlatforms) = preSolution
		Debug|Any CPU = Debug|Any CPU
		Release|Any CPU = Release|Any CPU
	EndGlobalSection
	GlobalSection(ProjectConfigurationPlatforms) = postSolution
		{C82FB336-2716-4016-80E4-4544D61AB2EB}.Debug|Any CPU.ActiveCfg = Debug|Any CPU
		{C82FB336-2716-4016-80E4-4544D61AB2EB}.Debug|Any CPU.Build.0 = Debug|Any CPU
		{C82FB336-2716-4016-80E4-4544D61AB2EB}.Release|Any CPU.ActiveCfg = Release|Any CPU
		{C82FB336-2716-4016-80E4-4544D61AB2EB}.Release|Any CPU.Build.0 = Release|Any CPU
	EndGlobalSection
	GlobalSection(SolutionProperties) = preSolution
		HideSolutionNode = FALSE
	EndGlobalSection
	GlobalSection(ExtensibilityGlobals) = postSolution
		SolutionGuid = {17ED07D2-8C29-4321-9D89-A496FE97E9AE}
	EndGlobalSection
EndGlobal
